
Microsoft Visual Studio Solution File, Format Version 12.00
# Visual Studio 15
VisualStudioVersion = 15.0.26730.8
MinimumVisualStudioVersion = 10.0.40219.1
Project("{FAE04EC0-301F-11D3-BF4B-00C04F79EFBC}") = "CardGameWar", "CardGameWar\CardGameWar.csproj", "{BBF66115-28CD-4DB5-8FFD-3AC753C362AE}"
EndProject
Global
	GlobalSection(SolutionConfigurationPlatforms) = preSolution
		Debug|Any CPU = Debug|Any CPU
		Release|Any CPU = Release|Any CPU
	EndGlobalSection
	GlobalSection(ProjectConfigurationPlatforms) = postSolution
		{BBF66115-28CD-4DB5-8FFD-3AC753C362AE}.Debug|Any CPU.ActiveCfg = Debug|Any CPU
		{BBF66115-28CD-4DB5-8FFD-3AC753C362AE}.Debug|Any CPU.Build.0 = Debug|Any CPU
		{BBF66115-28CD-4DB5-8FFD-3AC753C362AE}.Release|Any CPU.ActiveCfg = Release|Any CPU
		{BBF66115-28CD-4DB5-8FFD-3AC753C362AE}.Release|Any CPU.Build.0 = Release|Any CPU
	EndGlobalSection
	GlobalSection(SolutionProperties) = preSolution
		HideSolutionNode = FALSE
	EndGlobalSection
	GlobalSection(ExtensibilityGlobals) = postSolution
		SolutionGuid = {FCB7076F-4901-4738-9861-6540986A17C3}
	EndGlobalSection
EndGlobal
